
Microsoft Visual Studio Solution File, Format Version 12.00
Project("{FAE04EC0-301F-11D3-BF4B-00C04F79EFBC}") = "warehouse-app", "warehouse-app\warehouse-app.csproj", "{643C58A8-5EA8-4F70-9E5E-EDF3C3109091}"
EndProject
Global
	GlobalSection(SolutionConfigurationPlatforms) = preSolution
		Debug|Any CPU = Debug|Any CPU
		Release|Any CPU = Release|Any CPU
	EndGlobalSection
	GlobalSection(ProjectConfigurationPlatforms) = postSolution
		{643C58A8-5EA8-4F70-9E5E-EDF3C3109091}.Debug|Any CPU.ActiveCfg = Debug|Any CPU
		{643C58A8-5EA8-4F70-9E5E-EDF3C3109091}.Debug|Any CPU.Build.0 = Debug|Any CPU
		{643C58A8-5EA8-4F70-9E5E-EDF3C3109091}.Release|Any CPU.ActiveCfg = Release|Any CPU
		{643C58A8-5EA8-4F70-9E5E-EDF3C3109091}.Release|Any CPU.Build.0 = Release|Any CPU
	EndGlobalSection
EndGlobal
